{
  "nodes": {
    "elisp-helpers": {
      "inputs": {
        "fromElisp": "fromElisp"
      },
      "locked": {
        "lastModified": 1782098990,
        "narHash": "sha256-cdzwG8NRXtwlG25Tjfvscx9nKllZbNbEHvK/q7Sdmak=",
        "owner": "emacs-twist",
        "repo": "elisp-helpers",
        "rev": "6ed8c5617af3d62a456ad1407c2e22feefd48b1b",
        "type": "github"
      },
      "original": {
        "owner": "emacs-twist",
        "repo": "elisp-helpers",
        "type": "github"
      }
    },
    "emacs-builtins": {
      "inputs": {
        "flake-parts": "flake-parts_2",
        "nixpkgs": "nixpkgs"
      },
      "locked": {
        "lastModified": 1786923978,
        "narHash": "sha256-QlLSRMVvU32TKjV8vl20Tw7mtgRRd47G0ju1bY4/97U=",
        "owner": "emacs-twist",
        "repo": "emacs-builtins",
        "rev": "4f04eac6f008bde1bab5d2fc3a8b317b70e69f26",
        "type": "github"
      },
      "original": {
        "owner": "emacs-twist",
        "repo": "emacs-builtins",
        "type": "github"
      }
    },
    "emacs-overlay": {
      "inputs": {
        "nixpkgs": "nixpkgs_2",
        "nixpkgs-stable": "nixpkgs-stable"
      },
      "locked": {
        "lastModified": 1787333032,
        "narHash": "sha256-YiyO3GK2psNpa4AAPeM8GTjHH6tR+56h1bb5B8/z80Y=",
        "owner": "nix-community",
        "repo": "emacs-overlay",
        "rev": "714313e2792b4142781a9551a3e9ba09a52852fd",
        "type": "github"
      },
      "original": {
        "owner": "nix-community",
        "repo": "emacs-overlay",
        "type": "github"
      }
    },
    "flake-compat": {
      "flake": false,
      "locked": {
        "lastModified": 1767039857,
        "narHash": "sha256-vNpUSpF5Nuw8xvDLj2KCwwksIbjua2LZCqhV1LNRDns=",
        "owner": "edolstra",
        "repo": "flake-compat",
        "rev": "5edf11c44bc78a0d334f6334cdaf7d60d732daab",
        "type": "github"
      },
      "original": {
        "owner": "edolstra",
        "repo": "flake-compat",
        "type": "github"
      }
    },
    "flake-parts": {
      "inputs": {
        "nixpkgs-lib": "nixpkgs-lib"
      },
      "locked": {
        "lastModified": 1785627969,
        "narHash": "sha256-4dtXQk/NMePegK/nWp5NSeuZKLATItOq61lpEvmXqGw=",
        "owner": "hercules-ci",
        "repo": "flake-parts",
        "rev": "427bf4bd9435fdf21321c8cc628c24efc14c0f7a",
        "type": "github"
      },
      "original": {
        "owner": "hercules-ci",
        "repo": "flake-parts",
        "type": "github"
      }
    },
    "flake-parts_2": {
      "inputs": {
        "nixpkgs-lib": "nixpkgs-lib_2"
      },
      "locked": {
        "lastModified": 1785627969,
        "narHash": "sha256-4dtXQk/NMePegK/nWp5NSeuZKLATItOq61lpEvmXqGw=",
        "owner": "hercules-ci",
        "repo": "flake-parts",
        "rev": "427bf4bd9435fdf21321c8cc628c24efc14c0f7a",
        "type": "github"
      },
      "original": {
        "owner": "hercules-ci",
        "repo": "flake-parts",
        "type": "github"
      }
    },
    "flake-parts_3": {
      "inputs": {
        "nixpkgs-lib": "nixpkgs-lib_3"
      },
      "locked": {
        "lastModified": 1785627969,
        "narHash": "sha256-4dtXQk/NMePegK/nWp5NSeuZKLATItOq61lpEvmXqGw=",
        "owner": "hercules-ci",
        "repo": "flake-parts",
        "rev": "427bf4bd9435fdf21321c8cc628c24efc14c0f7a",
        "type": "github"
      },
      "original": {
        "owner": "hercules-ci",
        "repo": "flake-parts",
        "type": "github"
      }
    },
    "flake-pins": {
      "inputs": {
        "emacs-builtins": "emacs-builtins",
        "emacs-overlay": "emacs-overlay",
        "flake-compat": "flake-compat",
        "flake-parts": "flake-parts_3",
        "flake-utils": "flake-utils",
        "home-manager-unstable": "home-manager-unstable",
        "nix-darwin": "nix-darwin",
        "nixpkgs": "nixpkgs_4",
        "ocaml-overlays": "ocaml-overlays",
        "rust-overlay": "rust-overlay",
        "systems": "systems_2",
        "tsgo-effect": "tsgo-effect",
        "unstable": "unstable"
      },
      "locked": {
        "lastModified": 1787365750,
        "narHash": "sha256-yDb/0fupPQi5ianacoCGFQKmt1iKi6DFXQnTml7804c=",
        "owner": "akirak",
        "repo": "flake-pins",
        "rev": "b809d3bd8e13b6341eb14d3f61c891ab556112bd",
        "type": "github"
      },
      "original": {
        "owner": "akirak",
        "repo": "flake-pins",
        "type": "github"
      }
    },
    "flake-utils": {
      "inputs": {
        "systems": "systems"
      },
      "locked": {
        "lastModified": 1731533236,
        "narHash": "sha256-l0KFg5HjrsfsO/JpG+r7fRrqm12kzFHyUHqHCVpMMbI=",
        "owner": "numtide",
        "repo": "flake-utils",
        "rev": "11707dc2f618dd54ca8739b309ec4fc024de578b",
        "type": "github"
      },
      "original": {
        "owner": "numtide",
        "repo": "flake-utils",
        "type": "github"
      }
    },
    "fromElisp": {
      "flake": false,
      "locked": {
        "lastModified": 1723987997,
        "narHash": "sha256-OhaVgTG6zjLByzl+uPTvtCld3p2uqgbCXmOl/s3LVRo=",
        "owner": "talyz",
        "repo": "fromElisp",
        "rev": "f071a0e262c02c0895b575c4e322b7fd90713543",
        "type": "github"
      },
      "original": {
        "owner": "talyz",
        "repo": "fromElisp",
        "type": "github"
      }
    },
    "home-manager-unstable": {
      "inputs": {
        "nixpkgs": "nixpkgs_3"
      },
      "locked": {
        "lastModified": 1787176219,
        "narHash": "sha256-djoRr6jBpe35q/0JwAvXpFXg1Ktf+X54NU2RLR7wnHw=",
        "owner": "nix-community",
        "repo": "home-manager",
        "rev": "c53d643b3737e2fcd04e6cb3b3580ef50b2087a0",
        "type": "github"
      },
      "original": {
        "owner": "nix-community",
        "repo": "home-manager",
        "type": "github"
      }
    },
    "nix-darwin": {
      "inputs": {
        "nixpkgs": [
          "flake-pins",
          "nixpkgs"
        ]
      },
      "locked": {
        "lastModified": 1786845137,
        "narHash": "sha256-oQFip+v0luP8NIxJzmiW4Wu8bILsbFWom5l0zonl8hQ=",
        "owner": "LnL7",
        "repo": "nix-darwin",
        "rev": "4cff07de74b50e64bdd68cd4e722ab5b6b35ee48",
        "type": "github"
      },
      "original": {
        "owner": "LnL7",
        "repo": "nix-darwin",
        "type": "github"
      }
    },
    "nixpkgs": {
      "locked": {
        "lastModified": 1787209939,
        "narHash": "sha256-WvvHR4kSQLAbtouMC/ruZ5UpLwlUcY3K4FAllMN+yGk=",
        "owner": "NixOS",
        "repo": "nixpkgs",
        "rev": "391b592eb44808b3bd0cb80bb71b63a5a118b8bb",
        "type": "github"
      },
      "original": {
        "owner": "NixOS",
        "ref": "nixpkgs-unstable",
        "repo": "nixpkgs",
        "type": "github"
      }
    },
    "nixpkgs-lib": {
      "locked": {
        "lastModified": 1785031560,
        "narHash": "sha256-OmshNvn2vupOFpYinLUu+1Dnpu4n7Q5N3ggGVNHpkUI=",
        "owner": "nix-community",
        "repo": "nixpkgs.lib",
        "rev": "0e79af5e3d4dcfcd676ab5ba3f95d2e3352e078c",
        "type": "github"
      },
      "original": {
        "owner": "nix-community",
        "repo": "nixpkgs.lib",
        "type": "github"
      }
    },
    "nixpkgs-lib_2": {
      "locked": {
        "lastModified": 1785031560,
        "narHash": "sha256-OmshNvn2vupOFpYinLUu+1Dnpu4n7Q5N3ggGVNHpkUI=",
        "owner": "nix-community",
        "repo": "nixpkgs.lib",
        "rev": "0e79af5e3d4dcfcd676ab5ba3f95d2e3352e078c",
        "type": "github"
      },
      "original": {
        "owner": "nix-community",
        "repo": "nixpkgs.lib",
        "type": "github"
      }
    },
    "nixpkgs-lib_3": {
      "locked": {
        "lastModified": 1785031560,
        "narHash": "sha256-OmshNvn2vupOFpYinLUu+1Dnpu4n7Q5N3ggGVNHpkUI=",
        "owner": "nix-community",
        "repo": "nixpkgs.lib",
        "rev": "0e79af5e3d4dcfcd676ab5ba3f95d2e3352e078c",
        "type": "github"
      },
      "original": {
        "owner": "nix-community",
        "repo": "nixpkgs.lib",
        "type": "github"
      }
    },
    "nixpkgs-stable": {
      "locked": {
        "lastModified": 1787204541,
        "narHash": "sha256-OURZPknrTjQrlNyxPdqzyqmU/81Wes1CUP/Ft1Rv/YI=",
        "owner": "NixOS",
        "repo": "nixpkgs",
        "rev": "5880666fd9eb563038431edb35c2d0aa595884e6",
        "type": "github"
      },
      "original": {
        "owner": "NixOS",
        "ref": "nixos-26.05",
        "repo": "nixpkgs",
        "type": "github"
      }
    },
    "nixpkgs_2": {
      "locked": {
        "lastModified": 1787135253,
        "narHash": "sha256-RD2kNWCG+Bjo6h+JVjWVNntZs2GtRoeY2xHjts/FNkA=",
        "owner": "NixOS",
        "repo": "nixpkgs",
        "rev": "ffb3c9b700e759be2ef13237c9d8f953b32a1e46",
        "type": "github"
      },
      "original": {
        "owner": "NixOS",
        "ref": "nixos-unstable",
        "repo": "nixpkgs",
        "type": "github"
      }
    },
    "nixpkgs_3": {
      "locked": {
        "lastModified": 1786593342,
        "narHash": "sha256-smTKQXMLLStzc8zJevMCckbk3My7SvbbLmPYZUJJKW4=",
        "owner": "NixOS",
        "repo": "nixpkgs",
        "rev": "6b5e5b7a6631f065bf6908986990b37d845f847f",
        "type": "github"
      },
      "original": {
        "owner": "NixOS",
        "ref": "nixpkgs-unstable",
        "repo": "nixpkgs",
        "type": "github"
      }
    },
    "nixpkgs_4": {
      "locked": {
        "lastModified": 1787209939,
        "narHash": "sha256-WvvHR4kSQLAbtouMC/ruZ5UpLwlUcY3K4FAllMN+yGk=",
        "owner": "NixOS",
        "repo": "nixpkgs",
        "rev": "391b592eb44808b3bd0cb80bb71b63a5a118b8bb",
        "type": "github"
      },
      "original": {
        "owner": "NixOS",
        "ref": "nixpkgs-unstable",
        "repo": "nixpkgs",
        "type": "github"
      }
    },
    "nixpkgs_5": {
      "locked": {
        "lastModified": 1767313136,
        "narHash": "sha256-16KkgfdYqjaeRGBaYsNrhPRRENs0qzkQVUooNHtoy2w=",
        "owner": "NixOS",
        "repo": "nixpkgs",
        "rev": "ac62194c3917d5f474c1a844b6fd6da2db95077d",
        "type": "github"
      },
      "original": {
        "owner": "NixOS",
        "ref": "nixos-25.05",
        "repo": "nixpkgs",
        "type": "github"
      }
    },
    "ocaml-overlays": {
      "inputs": {
        "nixpkgs": [
          "flake-pins",
          "nixpkgs"
        ]
      },
      "locked": {
        "lastModified": 1787271588,
        "narHash": "sha256-7xuCVrgpZvdyayh3T08gz2i2B28VGdCf5MgZyGpbqcA=",
        "owner": "nix-ocaml",
        "repo": "nix-overlays",
        "rev": "9a4b499d990201fa8b7d643d72d82c437114629a",
        "type": "github"
      },
      "original": {
        "owner": "nix-ocaml",
        "repo": "nix-overlays",
        "type": "github"
      }
    },
    "org-babel": {
      "locked": {
        "lastModified": 1781216126,
        "narHash": "sha256-f1OICjF3pdRb89ackr20ulKJeTfGnQKXns2mgxOxE00=",
        "owner": "emacs-twist",
        "repo": "org-babel",
        "rev": "e39a14ee977472e15c1c3019b7e00c0da9ecbaa2",
        "type": "github"
      },
      "original": {
        "owner": "emacs-twist",
        "repo": "org-babel",
        "type": "github"
      }
    },
    "root": {
      "inputs": {
        "flake-parts": "flake-parts",
        "flake-pins": "flake-pins",
        "nixpkgs": [
          "flake-pins",
          "nixpkgs"
        ],
        "org-babel": "org-babel",
        "tree-sitter-astro": "tree-sitter-astro",
        "tree-sitter-reason": "tree-sitter-reason",
        "twist": "twist"
      }
    },
    "rust-overlay": {
      "inputs": {
        "nixpkgs": [
          "flake-pins",
          "nixpkgs"
        ]
      },
      "locked": {
        "lastModified": 1787281715,
        "narHash": "sha256-5yIL5XL31hCZBPWDdUOvUy4cYAl27XZrke7JELhHlnI=",
        "owner": "oxalica",
        "repo": "rust-overlay",
        "rev": "89abdfd661ea493cde2f73d7b1332cb34150aa43",
        "type": "github"
      },
      "original": {
        "owner": "oxalica",
        "repo": "rust-overlay",
        "type": "github"
      }
    },
    "systems": {
      "locked": {
        "lastModified": 1681028828,
        "narHash": "sha256-Vy1rq5AaRuLzOxct8nz4T6wlgyUR7zLU309k9mBC768=",
        "owner": "nix-systems",
        "repo": "default",
        "rev": "da67096a3b9bf56a91d16901293e51ba5b49a27e",
        "type": "github"
      },
      "original": {
        "owner": "nix-systems",
        "repo": "default",
        "type": "github"
      }
    },
    "systems_2": {
      "locked": {
        "lastModified": 1774449309,
        "narHash": "sha256-brhZ8DmuGtzkCYHJg4HEd602amKm89Y9ytsFZ5uWD1w=",
        "owner": "nix-systems",
        "repo": "default",
        "rev": "c29398b59d2048c4ab79345812849c9bd15e9150",
        "type": "github"
      },
      "original": {
        "owner": "nix-systems",
        "ref": "future-26.11",
        "repo": "default",
        "type": "github"
      }
    },
    "tree-sitter-astro": {
      "flake": false,
      "locked": {
        "lastModified": 1745424178,
        "narHash": "sha256-TpXs3jbYn39EHxTdtSfR7wLA1L8v9uyK/ATPp5v4WqE=",
        "owner": "virchau13",
        "repo": "tree-sitter-astro",
        "rev": "213f6e6973d9b456c6e50e86f19f66877e7ef0ee",
        "type": "github"
      },
      "original": {
        "owner": "virchau13",
        "repo": "tree-sitter-astro",
        "type": "github"
      }
    },
    "tree-sitter-reason": {
      "flake": false,
      "locked": {
        "lastModified": 1711047866,
        "narHash": "sha256-h/S+igTPPLHA0XoIfXk7fQvy/ImZ9RYpBdwsKE6xXzM=",
        "owner": "reasonml-editor",
        "repo": "tree-sitter-reason",
        "rev": "0226cfecaa2257d56d7c3f364f789cba042e403f",
        "type": "github"
      },
      "original": {
        "owner": "reasonml-editor",
        "repo": "tree-sitter-reason",
        "type": "github"
      }
    },
    "tsgo-effect": {
      "inputs": {
        "nixpkgs": "nixpkgs_5",
        "nixpkgsUnstable": [
          "flake-pins",
          "nixpkgs"
        ],
        "typescript-go-src": "typescript-go-src",
        "typescript-src": "typescript-src"
      },
      "locked": {
        "lastModified": 1787345002,
        "narHash": "sha256-FS9NwFflRZlss7byxFcZNuS7OgYZ5XcSOuHPUw2Y7B0=",
        "owner": "Effect-TS",
        "repo": "tsgo",
        "rev": "eba879be6067a82df8483660a351d239af1b3e01",
        "type": "github"
      },
      "original": {
        "owner": "Effect-TS",
        "repo": "tsgo",
        "type": "github"
      }
    },
    "twist": {
      "inputs": {
        "elisp-helpers": "elisp-helpers"
      },
      "locked": {
        "lastModified": 1786923958,
        "narHash": "sha256-9TVA1sn+NvbJwYgPELWoN4KS8CQtpKnLwWN+OYynGA0=",
        "owner": "emacs-twist",
        "repo": "twist.nix",
        "rev": "35b0bbe3356cecdbfb0e925ccd6f5c736209e2ba",
        "type": "github"
      },
      "original": {
        "owner": "emacs-twist",
        "repo": "twist.nix",
        "type": "github"
      }
    },
    "typescript-go-src": {
      "flake": false,
      "locked": {
        "lastModified": 1786751962,
        "narHash": "sha256-Zl4yGFOqC33NcXaja0ep8F5mmsPkMallNcKjDbR6VQg=",
        "owner": "microsoft",
        "repo": "typescript-go",
        "rev": "1bcfa18d79a3be41772223d5c05dfe4480e614ff",
        "type": "github"
      },
      "original": {
        "owner": "microsoft",
        "repo": "typescript-go",
        "rev": "1bcfa18d79a3be41772223d5c05dfe4480e614ff",
        "type": "github"
      }
    },
    "typescript-src": {
      "flake": false,
      "locked": {
        "lastModified": 1786582947,
        "narHash": "sha256-Mjcz54Ff6/L0lsxwEV4Z0BfG1AZENNwBhliXzvhnpjg=",
        "owner": "microsoft",
        "repo": "TypeScript",
        "rev": "5848bc5157b22ff7f4e3369f4645a514a433b15f",
        "type": "github"
      },
      "original": {
        "owner": "microsoft",
        "repo": "TypeScript",
        "rev": "5848bc5157b22ff7f4e3369f4645a514a433b15f",
        "type": "github"
      }
    },
    "unstable": {
      "locked": {
        "lastModified": 1787135253,
        "narHash": "sha256-RD2kNWCG+Bjo6h+JVjWVNntZs2GtRoeY2xHjts/FNkA=",
        "owner": "NixOS",
        "repo": "nixpkgs",
        "rev": "ffb3c9b700e759be2ef13237c9d8f953b32a1e46",
        "type": "github"
      },
      "original": {
        "owner": "NixOS",
        "ref": "nixos-unstable",
        "repo": "nixpkgs",
        "type": "github"
      }
    }
  },
  "root": "root",
  "version": 7
}
