{
  "corfu": {
    "archive": {
      "narHash": "sha256-RyahW0l9JvJa7q+V4TaXgSMjBZHK2cIrrglFCl4wZHI=",
      "type": "tarball",
      "url": "https://elpa.gnu.org/packages/corfu-0.17.tar"
    },
    "inventory": {
      "type": "archive",
      "url": "https://elpa.gnu.org/packages/"
    },
    "packageRequires": {
      "emacs": "27.1"
    },
    "version": "0.17"
  },
  "kind-icon": {
    "archive": {
      "narHash": "sha256-2R/3OuHTftdxddLZ/YHSIl3q7o+ksF3I4K+nMSwynUk=",
      "type": "tarball",
      "url": "https://elpa.gnu.org/packages/kind-icon-0.1.4.tar"
    },
    "inventory": {
      "type": "archive",
      "url": "https://elpa.gnu.org/packages/"
    },
    "packageRequires": {
      "emacs": "27.1",
      "svg-lib": "0"
    },
    "version": "0.1.4"
  },
  "nano-modeline": {
    "archive": {
      "narHash": "sha256-cBbS8+3/4iLbo+V1Uf/SMyGYgao2vTH+gk5iJfvZOuA=",
      "type": "tarball",
      "url": "https://elpa.gnu.org/packages/nano-modeline-0.4.tar"
    },
    "inventory": {
      "type": "archive",
      "url": "https://elpa.gnu.org/packages/"
    },
    "packageRequires": {
      "emacs": "27.1"
    },
    "version": "0.4"
  },
  "setup": {
    "archive": {
      "narHash": "sha256-T786A6atp69/l8Tn9vhXnSpYElRt6XvHaduQATl7SyI=",
      "type": "tarball",
      "url": "https://elpa.gnu.org/packages/setup-1.2.0.tar"
    },
    "inventory": {
      "type": "archive",
      "url": "https://elpa.gnu.org/packages/"
    },
    "packageRequires": {
      "emacs": "26.1"
    },
    "version": "1.2.0"
  },
  "svg-lib": {
    "archive": {
      "narHash": "sha256-3R3VJE13xt1nGdO6pe0Xh6d+WfU3bW8CQepdp/0VNp8=",
      "type": "tarball",
      "url": "https://elpa.gnu.org/packages/svg-lib-0.2.4.tar"
    },
    "inventory": {
      "type": "archive",
      "url": "https://elpa.gnu.org/packages/"
    },
    "packageRequires": {
      "emacs": "27.1"
    },
    "version": "0.2.4"
  },
  "vertico": {
    "archive": {
      "narHash": "sha256-WAob2mETCUo7btV7HTcxeBweOx0aSwEMUT7PjizS8V0=",
      "type": "tarball",
      "url": "https://elpa.gnu.org/packages/vertico-0.18.tar"
    },
    "inventory": {
      "type": "archive",
      "url": "https://elpa.gnu.org/packages/"
    },
    "packageRequires": {
      "emacs": "27.1"
    },
    "version": "0.18"
  }
}
