{
  "nodes": {
    "ace-window": {
      "flake": false,
      "locked": {
        "lastModified": 1640714409,
        "narHash": "sha256-KrI+pPSpuLaiRblsfalRHz4Us8GUxel064BZ6412aR0=",
        "owner": "abo-abo",
        "repo": "ace-window",
        "rev": "0577c426a9833ab107bab46c60d1885c611b2fb9",
        "type": "github"
      },
      "original": {
        "owner": "abo-abo",
        "repo": "ace-window",
        "type": "github"
      }
    },
    "all-the-icons": {
      "flake": false,
      "locked": {
        "lastModified": 1640408780,
        "narHash": "sha256-v5TPTuOEQZXnwKqhN5ArhLSmVukkyDMDCv6n8oEEXMU=",
        "owner": "domtronn",
        "repo": "all-the-icons.el",
        "rev": "6d48bc9e970ab559bc35a125c55fd83732595706",
        "type": "github"
      },
      "original": {
        "owner": "domtronn",
        "repo": "all-the-icons.el",
        "type": "github"
      }
    },
    "all-the-icons-completion": {
      "flake": false,
      "locked": {
        "lastModified": 1633817225,
        "narHash": "sha256-Gd0GnXPztStS0PfbhGoYGAvE7udYHoAF6xHBHe4ZraE=",
        "owner": "iyefrat",
        "repo": "all-the-icons-completion",
        "rev": "a0f34d68cc12330ab3992a7521f9caa1de3b8470",
        "type": "github"
      },
      "original": {
        "owner": "iyefrat",
        "repo": "all-the-icons-completion",
        "type": "github"
      }
    },
    "all-the-icons-dired": {
      "flake": false,
      "locked": {
        "lastModified": 1633627768,
        "narHash": "sha256-KGksy+4mIWc+ikFJocIVaom4f/pY76heelDDk3DLCVw=",
        "owner": "wyuenho",
        "repo": "all-the-icons-dired",
        "rev": "5e9b097f9950cc9f86de922b07903a4e5fefc733",
        "type": "github"
      },
      "original": {
        "owner": "wyuenho",
        "repo": "all-the-icons-dired",
        "type": "github"
      }
    },
    "avy": {
      "flake": false,
      "locked": {
        "lastModified": 1641110707,
        "narHash": "sha256-lGs7IFQvoskuRkEoN3N+rTJa3dQ/3WUL3Yj03bvMNV4=",
        "owner": "abo-abo",
        "repo": "avy",
        "rev": "ba5f035be33693d1a136a5cbeedb24327f551a92",
        "type": "github"
      },
      "original": {
        "owner": "abo-abo",
        "repo": "avy",
        "type": "github"
      }
    },
    "beancount": {
      "flake": false,
      "locked": {
        "lastModified": 1632855946,
        "narHash": "sha256-i7Aza3lJ5kcvYUul9PY5q7PywEHg03BcVmApPFSxS78=",
        "owner": "beancount",
        "repo": "beancount-mode",
        "rev": "ea8257881b7e276e8d170d724e3b2e179f25cb77",
        "type": "github"
      },
      "original": {
        "owner": "beancount",
        "repo": "beancount-mode",
        "type": "github"
      }
    },
    "benchmark-init": {
      "flake": false,
      "locked": {
        "lastModified": 1641135056,
        "narHash": "sha256-TTSmonkJuooVQeHFNpM/ZTGPTCeml6kH7Z5iS+9JXX8=",
        "owner": "akirak",
        "repo": "benchmark-init-el",
        "rev": "cc16e08c3d3a6e0044046b74c3f6544e46250d4a",
        "type": "github"
      },
      "original": {
        "owner": "akirak",
        "repo": "benchmark-init-el",
        "type": "github"
      }
    },
    "cape": {
      "flake": false,
      "locked": {
        "lastModified": 1641310529,
        "narHash": "sha256-pW8pqRZ6E7xRtroNampLwYn6mgvu3/MFJvnyXltR2x4=",
        "owner": "minad",
        "repo": "cape",
        "rev": "be2014538af37fdb3cf38b2129c06314644f745f",
        "type": "github"
      },
      "original": {
        "owner": "minad",
        "repo": "cape",
        "type": "github"
      }
    },
    "consult": {
      "flake": false,
      "locked": {
        "lastModified": 1641079103,
        "narHash": "sha256-8KcLbrYIjbcWL4eyLzU7ZITug261O0H1M6pr/GU6r00=",
        "owner": "minad",
        "repo": "consult",
        "rev": "0940ca016531f3412003c231b476e5023a510ff9",
        "type": "github"
      },
      "original": {
        "owner": "minad",
        "repo": "consult",
        "type": "github"
      }
    },
    "consult-dir": {
      "flake": false,
      "locked": {
        "lastModified": 1633931904,
        "narHash": "sha256-dhYMCZNNxCUoBa68FhGMzubYeG0XJGCLFrwGm7UmzrE=",
        "owner": "karthink",
        "repo": "consult-dir",
        "rev": "08f543ae6acbfc1ffe579ba1d00a5414012d5c0b",
        "type": "github"
      },
      "original": {
        "owner": "karthink",
        "repo": "consult-dir",
        "type": "github"
      }
    },
    "dash": {
      "flake": false,
      "locked": {
        "lastModified": 1632096711,
        "narHash": "sha256-oeIUEe5OGgij6IessN6bmS7re5r+D5BlrU4MOsaK3JE=",
        "owner": "magnars",
        "repo": "dash.el",
        "rev": "da167c51e9fd167a48d06c7c0ee8e3ac7abd9718",
        "type": "github"
      },
      "original": {
        "owner": "magnars",
        "repo": "dash.el",
        "type": "github"
      }
    },
    "doom-themes": {
      "flake": false,
      "locked": {
        "lastModified": 1640111812,
        "narHash": "sha256-6oIubb2hp44dr/vs9VAoFpjjJHSVKfwmkFlzdEVPlQU=",
        "owner": "doomemacs",
        "repo": "themes",
        "rev": "2d7bf3daa50a4e0a612faed43cd8cd4af33b9e19",
        "type": "github"
      },
      "original": {
        "owner": "doomemacs",
        "repo": "themes",
        "type": "github"
      }
    },
    "electric-operator": {
      "flake": false,
      "locked": {
        "lastModified": 1636891000,
        "narHash": "sha256-iJiKuLH85Y1HCSM2CmySbdgfTN3PkTUWP4u2uYsf/v8=",
        "owner": "davidshepherd7",
        "repo": "electric-operator",
        "rev": "1c51e88d5719e7b0dd022a4704c46b24e0c91348",
        "type": "github"
      },
      "original": {
        "owner": "davidshepherd7",
        "repo": "electric-operator",
        "type": "github"
      }
    },
    "embark": {
      "flake": false,
      "locked": {
        "lastModified": 1641282923,
        "narHash": "sha256-9yaaX1yRux/T7TJ0SDBLCoUvnzAPlP9wUmcMdyB9HtM=",
        "owner": "oantolin",
        "repo": "embark",
        "rev": "c9b26c2e18f01ae401df6a69b7a0c1a6bc44b90c",
        "type": "github"
      },
      "original": {
        "owner": "oantolin",
        "repo": "embark",
        "type": "github"
      }
    },
    "embark-consult": {
      "flake": false,
      "locked": {
        "lastModified": 1641282923,
        "narHash": "sha256-9yaaX1yRux/T7TJ0SDBLCoUvnzAPlP9wUmcMdyB9HtM=",
        "owner": "oantolin",
        "repo": "embark",
        "rev": "c9b26c2e18f01ae401df6a69b7a0c1a6bc44b90c",
        "type": "github"
      },
      "original": {
        "owner": "oantolin",
        "repo": "embark",
        "type": "github"
      }
    },
    "fancy-dabbrev": {
      "flake": false,
      "locked": {
        "lastModified": 1631173929,
        "narHash": "sha256-v3XCowy9whqFHNTHLn68L+FfKN7sonizAZNvXqc30OI=",
        "owner": "jrosdahl",
        "repo": "fancy-dabbrev",
        "rev": "9435ad63c1c4756f574ae98d2d63ecf1189ec832",
        "type": "github"
      },
      "original": {
        "owner": "jrosdahl",
        "repo": "fancy-dabbrev",
        "type": "github"
      }
    },
    "gcmh": {
      "flake": false,
      "locked": {
        "lastModified": 1605567102,
        "narHash": "sha256-RXSs1ANy04eZAoz0ZdVVguNOEPome3AzIX1seNFVAXo=",
        "ref": "master",
        "rev": "0089f9c3a6d4e9a310d0791cf6fa8f35642ecfd9",
        "revCount": 34,
        "type": "git",
        "url": "https://gitlab.com/koral/gcmh.git"
      },
      "original": {
        "type": "git",
        "url": "https://gitlab.com/koral/gcmh.git"
      }
    },
    "git-commit": {
      "flake": false,
      "locked": {
        "lastModified": 1641026513,
        "narHash": "sha256-toDDAhYZHC0QYFIlZssTJBO7fJprdJIHtjVmg5rhjDM=",
        "owner": "magit",
        "repo": "magit",
        "rev": "7d0d7068deff003a02f49fa430153e4611c80175",
        "type": "github"
      },
      "original": {
        "owner": "magit",
        "repo": "magit",
        "type": "github"
      }
    },
    "git-modes": {
      "flake": false,
      "locked": {
        "lastModified": 1634771183,
        "narHash": "sha256-08HCzxaqS5+suWxIm3aBB1kcEXEGGE1+gWUwzG4xHys=",
        "owner": "magit",
        "repo": "git-modes",
        "rev": "62fbf2e5b84ca789e7bc2f87939386023b5ba3df",
        "type": "github"
      },
      "original": {
        "owner": "magit",
        "repo": "git-modes",
        "type": "github"
      }
    },
    "magit": {
      "flake": false,
      "locked": {
        "lastModified": 1641026513,
        "narHash": "sha256-toDDAhYZHC0QYFIlZssTJBO7fJprdJIHtjVmg5rhjDM=",
        "owner": "magit",
        "repo": "magit",
        "rev": "7d0d7068deff003a02f49fa430153e4611c80175",
        "type": "github"
      },
      "original": {
        "owner": "magit",
        "repo": "magit",
        "type": "github"
      }
    },
    "magit-section": {
      "flake": false,
      "locked": {
        "lastModified": 1641026513,
        "narHash": "sha256-toDDAhYZHC0QYFIlZssTJBO7fJprdJIHtjVmg5rhjDM=",
        "owner": "magit",
        "repo": "magit",
        "rev": "7d0d7068deff003a02f49fa430153e4611c80175",
        "type": "github"
      },
      "original": {
        "owner": "magit",
        "repo": "magit",
        "type": "github"
      }
    },
    "marginalia": {
      "flake": false,
      "locked": {
        "lastModified": 1640943556,
        "narHash": "sha256-cf49e0HW1MSiyopu6UKm335qeP1jms56ZXhqUeTyWD0=",
        "owner": "minad",
        "repo": "marginalia",
        "rev": "9229d88ae4757f3439e81f51799758c009838cb4",
        "type": "github"
      },
      "original": {
        "owner": "minad",
        "repo": "marginalia",
        "type": "github"
      }
    },
    "nano-theme": {
      "flake": false,
      "locked": {
        "lastModified": 1641200709,
        "narHash": "sha256-jKSP3vNipWbz9cyYsMLaZGzUMOxyhKUF7a0/6wrfMo4=",
        "owner": "rougier",
        "repo": "nano-theme",
        "rev": "5962a09d1129b9bc91bce6380aa222a45b80556e",
        "type": "github"
      },
      "original": {
        "owner": "rougier",
        "repo": "nano-theme",
        "type": "github"
      }
    },
    "nix-mode": {
      "flake": false,
      "locked": {
        "lastModified": 1637425663,
        "narHash": "sha256-RJWMoZRlYElcPhNVNe8HfvGeoeQvn0Yi8mfMh0K272c=",
        "owner": "NixOS",
        "repo": "nix-mode",
        "rev": "3d04d92d9c3896d07bc9fed7e4f40032025fbe7b",
        "type": "github"
      },
      "original": {
        "owner": "NixOS",
        "repo": "nix-mode",
        "type": "github"
      }
    },
    "orderless": {
      "flake": false,
      "locked": {
        "lastModified": 1638234176,
        "narHash": "sha256-th5FIOPY0lPdBElR08YqU2uFRc/i73Uk5cUKq1KtcJs=",
        "owner": "oantolin",
        "repo": "orderless",
        "rev": "1ccf74ffdbb0dd34caa63022e92f947c09c49c86",
        "type": "github"
      },
      "original": {
        "owner": "oantolin",
        "repo": "orderless",
        "type": "github"
      }
    },
    "poet-theme": {
      "flake": false,
      "locked": {
        "lastModified": 1591487005,
        "narHash": "sha256-ZefJm6prXMmGTvaczOVd8MlBujwHau2tPNK3FveSqH4=",
        "owner": "kunalb",
        "repo": "poet",
        "rev": "16eb694f0755c04c4db98614d0eca1199fddad70",
        "type": "github"
      },
      "original": {
        "owner": "kunalb",
        "repo": "poet",
        "type": "github"
      }
    },
    "popup": {
      "flake": false,
      "locked": {
        "lastModified": 1640975494,
        "narHash": "sha256-n4YL625cIzub4Q48PRKOJY7kLECSQTEzwUBf7cKR1Ys=",
        "owner": "auto-complete",
        "repo": "popup-el",
        "rev": "ec3d3169a4d60b0374198580e31b6c59f51ab08a",
        "type": "github"
      },
      "original": {
        "owner": "auto-complete",
        "repo": "popup-el",
        "type": "github"
      }
    },
    "root": {
      "inputs": {
        "ace-window": "ace-window",
        "all-the-icons": "all-the-icons",
        "all-the-icons-completion": "all-the-icons-completion",
        "all-the-icons-dired": "all-the-icons-dired",
        "avy": "avy",
        "beancount": "beancount",
        "benchmark-init": "benchmark-init",
        "cape": "cape",
        "consult": "consult",
        "consult-dir": "consult-dir",
        "dash": "dash",
        "doom-themes": "doom-themes",
        "electric-operator": "electric-operator",
        "embark": "embark",
        "embark-consult": "embark-consult",
        "fancy-dabbrev": "fancy-dabbrev",
        "gcmh": "gcmh",
        "git-commit": "git-commit",
        "git-modes": "git-modes",
        "magit": "magit",
        "magit-section": "magit-section",
        "marginalia": "marginalia",
        "nano-theme": "nano-theme",
        "nix-mode": "nix-mode",
        "orderless": "orderless",
        "poet-theme": "poet-theme",
        "popup": "popup",
        "svg-tag-mode": "svg-tag-mode",
        "tree-sitter": "tree-sitter",
        "tree-sitter-langs": "tree-sitter-langs",
        "tsc": "tsc",
        "typescript-mode": "typescript-mode",
        "vterm": "vterm",
        "which-key": "which-key",
        "with-editor": "with-editor"
      }
    },
    "svg-tag-mode": {
      "flake": false,
      "locked": {
        "lastModified": 1641233875,
        "narHash": "sha256-lFkMMnpT4wEUZPbfEP3hvEQ0UxAxV69kwc24Auv60dM=",
        "owner": "rougier",
        "repo": "svg-tag-mode",
        "rev": "fee61c6a0b0570bd24fd335efef17c7385297aa0",
        "type": "github"
      },
      "original": {
        "owner": "rougier",
        "repo": "svg-tag-mode",
        "type": "github"
      }
    },
    "tree-sitter": {
      "flake": false,
      "locked": {
        "lastModified": 1639225248,
        "narHash": "sha256-tAohHdAsy/HTFFPSNOo0UyrdolH8h0KF2ekFXuLltBE=",
        "owner": "emacs-tree-sitter",
        "repo": "elisp-tree-sitter",
        "rev": "48b06796a3b2e76ce004972d929de38146eafaa0",
        "type": "github"
      },
      "original": {
        "owner": "emacs-tree-sitter",
        "ref": "0.16.1",
        "repo": "elisp-tree-sitter",
        "type": "github"
      }
    },
    "tree-sitter-langs": {
      "flake": false,
      "locked": {
        "lastModified": 1639411291,
        "narHash": "sha256-32oY0Mtocg2gAQXv1XSp76oLubceOcEwZomes+ORI5o=",
        "owner": "emacs-tree-sitter",
        "repo": "tree-sitter-langs",
        "rev": "e537b90bbca6b4deb62042240ed12461251b3f0c",
        "type": "github"
      },
      "original": {
        "owner": "emacs-tree-sitter",
        "ref": "0.10.13",
        "repo": "tree-sitter-langs",
        "type": "github"
      }
    },
    "tsc": {
      "flake": false,
      "locked": {
        "lastModified": 1639225248,
        "narHash": "sha256-tAohHdAsy/HTFFPSNOo0UyrdolH8h0KF2ekFXuLltBE=",
        "owner": "emacs-tree-sitter",
        "repo": "elisp-tree-sitter",
        "rev": "48b06796a3b2e76ce004972d929de38146eafaa0",
        "type": "github"
      },
      "original": {
        "owner": "emacs-tree-sitter",
        "ref": "0.16.1",
        "repo": "elisp-tree-sitter",
        "type": "github"
      }
    },
    "typescript-mode": {
      "flake": false,
      "locked": {
        "lastModified": 1638380988,
        "narHash": "sha256-TRXpB0TbPMOVClyYzex72pA4bHVndZl21j9ZMvm1Lb4=",
        "owner": "emacs-typescript",
        "repo": "typescript.el",
        "rev": "e82416205158d4b21d42d6b60c4385f68f0ae1b1",
        "type": "github"
      },
      "original": {
        "owner": "emacs-typescript",
        "repo": "typescript.el",
        "type": "github"
      }
    },
    "vterm": {
      "flake": false,
      "locked": {
        "lastModified": 1640506671,
        "narHash": "sha256-uSzIDmRNk7u5VtCXYu+JVN7Gzkc65axCiK0Jq0X6MWQ=",
        "owner": "akermu",
        "repo": "emacs-libvterm",
        "rev": "a940dd2ee8a82684860e320c0f6d5e15d31d916f",
        "type": "github"
      },
      "original": {
        "owner": "akermu",
        "repo": "emacs-libvterm",
        "type": "github"
      }
    },
    "which-key": {
      "flake": false,
      "locked": {
        "lastModified": 1639448852,
        "narHash": "sha256-DY8TKurc8h2LY4oEL2hORUqQMuSwbJXgnH4DeGPoPe4=",
        "owner": "justbur",
        "repo": "emacs-which-key",
        "rev": "5f19ec67f58585ab0b8fa713905243ea0de190e0",
        "type": "github"
      },
      "original": {
        "owner": "justbur",
        "repo": "emacs-which-key",
        "type": "github"
      }
    },
    "with-editor": {
      "flake": false,
      "locked": {
        "lastModified": 1641043010,
        "narHash": "sha256-1HKvBYAwohkhrBiAh8fAE1naMKSdhwcX0HxaScWdjFQ=",
        "owner": "magit",
        "repo": "with-editor",
        "rev": "36d36957628621e8340f755b22082e1f4ed8e2d7",
        "type": "github"
      },
      "original": {
        "owner": "magit",
        "repo": "with-editor",
        "type": "github"
      }
    }
  },
  "root": "root",
  "version": 7
}
