{
  "nodes": {
    "beancount": {
      "flake": false,
      "locked": {
        "lastModified": 1632855946,
        "narHash": "sha256-i7Aza3lJ5kcvYUul9PY5q7PywEHg03BcVmApPFSxS78=",
        "owner": "beancount",
        "repo": "beancount-mode",
        "rev": "ea8257881b7e276e8d170d724e3b2e179f25cb77",
        "type": "github"
      },
      "original": {
        "owner": "beancount",
        "repo": "beancount-mode",
        "type": "github"
      }
    },
    "benchmark-init": {
      "flake": false,
      "locked": {
        "lastModified": 1610947231,
        "narHash": "sha256-E3noBkDrWixhMMUQGuVWufqLx1mNtkKKuu6z5N5aFcA=",
        "owner": "akirak",
        "repo": "benchmark-init-el",
        "rev": "085594f78a057a27e1aeb6dab9979341cec40f7f",
        "type": "github"
      },
      "original": {
        "owner": "akirak",
        "repo": "benchmark-init-el",
        "type": "github"
      }
    },
    "dash": {
      "flake": false,
      "locked": {
        "lastModified": 1632096711,
        "narHash": "sha256-oeIUEe5OGgij6IessN6bmS7re5r+D5BlrU4MOsaK3JE=",
        "owner": "magnars",
        "repo": "dash.el",
        "rev": "da167c51e9fd167a48d06c7c0ee8e3ac7abd9718",
        "type": "github"
      },
      "original": {
        "owner": "magnars",
        "repo": "dash.el",
        "type": "github"
      }
    },
    "doom-themes": {
      "flake": false,
      "locked": {
        "lastModified": 1640111812,
        "narHash": "sha256-6oIubb2hp44dr/vs9VAoFpjjJHSVKfwmkFlzdEVPlQU=",
        "owner": "doomemacs",
        "repo": "themes",
        "rev": "2d7bf3daa50a4e0a612faed43cd8cd4af33b9e19",
        "type": "github"
      },
      "original": {
        "owner": "doomemacs",
        "repo": "themes",
        "type": "github"
      }
    },
    "gcmh": {
      "flake": false,
      "locked": {
        "lastModified": 1605567102,
        "narHash": "sha256-RXSs1ANy04eZAoz0ZdVVguNOEPome3AzIX1seNFVAXo=",
        "ref": "master",
        "rev": "0089f9c3a6d4e9a310d0791cf6fa8f35642ecfd9",
        "revCount": 34,
        "type": "git",
        "url": "https://gitlab.com/koral/gcmh.git"
      },
      "original": {
        "type": "git",
        "url": "https://gitlab.com/koral/gcmh.git"
      }
    },
    "git-commit": {
      "flake": false,
      "locked": {
        "lastModified": 1641026513,
        "narHash": "sha256-toDDAhYZHC0QYFIlZssTJBO7fJprdJIHtjVmg5rhjDM=",
        "owner": "magit",
        "repo": "magit",
        "rev": "7d0d7068deff003a02f49fa430153e4611c80175",
        "type": "github"
      },
      "original": {
        "owner": "magit",
        "repo": "magit",
        "type": "github"
      }
    },
    "magit": {
      "flake": false,
      "locked": {
        "lastModified": 1641026513,
        "narHash": "sha256-toDDAhYZHC0QYFIlZssTJBO7fJprdJIHtjVmg5rhjDM=",
        "owner": "magit",
        "repo": "magit",
        "rev": "7d0d7068deff003a02f49fa430153e4611c80175",
        "type": "github"
      },
      "original": {
        "owner": "magit",
        "repo": "magit",
        "type": "github"
      }
    },
    "magit-section": {
      "flake": false,
      "locked": {
        "lastModified": 1641026513,
        "narHash": "sha256-toDDAhYZHC0QYFIlZssTJBO7fJprdJIHtjVmg5rhjDM=",
        "owner": "magit",
        "repo": "magit",
        "rev": "7d0d7068deff003a02f49fa430153e4611c80175",
        "type": "github"
      },
      "original": {
        "owner": "magit",
        "repo": "magit",
        "type": "github"
      }
    },
    "poet-theme": {
      "flake": false,
      "locked": {
        "lastModified": 1591487005,
        "narHash": "sha256-ZefJm6prXMmGTvaczOVd8MlBujwHau2tPNK3FveSqH4=",
        "owner": "kunalb",
        "repo": "poet",
        "rev": "16eb694f0755c04c4db98614d0eca1199fddad70",
        "type": "github"
      },
      "original": {
        "owner": "kunalb",
        "repo": "poet",
        "type": "github"
      }
    },
    "root": {
      "inputs": {
        "beancount": "beancount",
        "benchmark-init": "benchmark-init",
        "dash": "dash",
        "doom-themes": "doom-themes",
        "gcmh": "gcmh",
        "git-commit": "git-commit",
        "magit": "magit",
        "magit-section": "magit-section",
        "poet-theme": "poet-theme",
        "which-key": "which-key",
        "with-editor": "with-editor"
      }
    },
    "which-key": {
      "flake": false,
      "locked": {
        "lastModified": 1639448852,
        "narHash": "sha256-DY8TKurc8h2LY4oEL2hORUqQMuSwbJXgnH4DeGPoPe4=",
        "owner": "justbur",
        "repo": "emacs-which-key",
        "rev": "5f19ec67f58585ab0b8fa713905243ea0de190e0",
        "type": "github"
      },
      "original": {
        "owner": "justbur",
        "repo": "emacs-which-key",
        "type": "github"
      }
    },
    "with-editor": {
      "flake": false,
      "locked": {
        "lastModified": 1641043010,
        "narHash": "sha256-1HKvBYAwohkhrBiAh8fAE1naMKSdhwcX0HxaScWdjFQ=",
        "owner": "magit",
        "repo": "with-editor",
        "rev": "36d36957628621e8340f755b22082e1f4ed8e2d7",
        "type": "github"
      },
      "original": {
        "owner": "magit",
        "repo": "with-editor",
        "type": "github"
      }
    }
  },
  "root": "root",
  "version": 7
}
