{
  "async": {
    "archive": {
      "narHash": "sha256-TANS6qsjI05Gq6dJWoPdEtVBDFvi9YPyTA8IoaOLuJo=",
      "type": "tarball",
      "url": "https://elpa.gnu.org/packages/async-1.9.7.tar"
    },
    "inventory": {
      "type": "archive",
      "url": "https://elpa.gnu.org/packages/"
    },
    "packageRequires": {
      "emacs": "24.4"
    },
    "version": "1.9.7"
  },
  "dired-du": {
    "archive": {
      "narHash": "sha256-WTdSclzo4eiM+VABjgWYM0L4fLgWhXIe0QLnLOvA2hU=",
      "type": "tarball",
      "url": "https://elpa.gnu.org/packages/dired-du-0.5.2.tar"
    },
    "inventory": {
      "type": "archive",
      "url": "https://elpa.gnu.org/packages/"
    },
    "packageRequires": {
      "cl-lib": "0.5",
      "emacs": "24.4"
    },
    "version": "0.5.2"
  },
  "org-transclusion": {
    "archive": {
      "narHash": "sha256-l2dDlwM2ACmHRoc/IOHU7ZuLb2iBCCfiItYvHl/Z8HM=",
      "type": "tarball",
      "url": "https://elpa.gnu.org/packages/org-transclusion-1.3.1.tar"
    },
    "inventory": {
      "type": "archive",
      "url": "https://elpa.gnu.org/packages/"
    },
    "packageRequires": {
      "emacs": "27.1",
      "org": "9.4"
    },
    "version": "1.3.1"
  },
  "peg": {
    "archive": {
      "narHash": "sha256-dUg+kDdziNVRo773qr8jRkeCa0vjlIsgBJ6WoMhBGDs=",
      "type": "tarball",
      "url": "https://elpa.gnu.org/packages/peg-1.0.1.tar"
    },
    "inventory": {
      "type": "archive",
      "url": "https://elpa.gnu.org/packages/"
    },
    "packageRequires": {
      "emacs": "25"
    },
    "version": "1.0.1"
  },
  "queue": {
    "archive": {
      "narHash": "sha256-cbv1sqH7LJXdRZ/teyScnysvsn8/JcaPqrRBc7jGrZw=",
      "type": "file",
      "url": "https://elpa.gnu.org/packages/queue-0.2.el"
    },
    "inventory": {
      "type": "archive",
      "url": "https://elpa.gnu.org/packages/"
    },
    "packageRequires": {},
    "version": "0.2"
  },
  "rainbow-mode": {
    "archive": {
      "narHash": "sha256-Qd5M2ellyZW+UPAxUarkS6s5dv4k3xyTpJtMmKTH9Ug=",
      "type": "tarball",
      "url": "https://elpa.gnu.org/packages/rainbow-mode-1.0.6.tar"
    },
    "inventory": {
      "type": "archive",
      "url": "https://elpa.gnu.org/packages/"
    },
    "packageRequires": {},
    "version": "1.0.6"
  },
  "valign": {
    "archive": {
      "narHash": "sha256-TuqDeg9WrcM4uKv4YG+SOcjubI9CPjSvHJY6YsXPIGw=",
      "type": "tarball",
      "url": "https://elpa.gnu.org/packages/valign-3.1.1.tar"
    },
    "inventory": {
      "type": "archive",
      "url": "https://elpa.gnu.org/packages/"
    },
    "packageRequires": {
      "emacs": "26.0"
    },
    "version": "3.1.1"
  }
}
