{
  "async": {
    "archive": {
      "narHash": "sha256-TANS6qsjI05Gq6dJWoPdEtVBDFvi9YPyTA8IoaOLuJo=",
      "type": "tarball",
      "url": "https://elpa.gnu.org/packages/async-1.9.7.tar"
    },
    "inventory": {
      "type": "archive",
      "url": "https://elpa.gnu.org/packages/"
    },
    "packageRequires": {
      "emacs": "24.4"
    },
    "version": "1.9.7"
  },
  "dired-du": {
    "archive": {
      "narHash": "sha256-WTdSclzo4eiM+VABjgWYM0L4fLgWhXIe0QLnLOvA2hU=",
      "type": "tarball",
      "url": "https://elpa.gnu.org/packages/dired-du-0.5.2.tar"
    },
    "inventory": {
      "type": "archive",
      "url": "https://elpa.gnu.org/packages/"
    },
    "packageRequires": {
      "cl-lib": "0.5",
      "emacs": "24.4"
    },
    "version": "0.5.2"
  },
  "org-transclusion": {
    "archive": {
      "narHash": "sha256-JNBzDwMDx+GSNd7miieA4W/3xLK1pGQrCItSRestz3Q=",
      "type": "tarball",
      "url": "https://elpa.gnu.org/packages/org-transclusion-1.3.2.tar"
    },
    "inventory": {
      "type": "archive",
      "url": "https://elpa.gnu.org/packages/"
    },
    "packageRequires": {
      "emacs": "27.1",
      "org": "9.4"
    },
    "version": "1.3.2"
  },
  "peg": {
    "archive": {
      "narHash": "sha256-dUg+kDdziNVRo773qr8jRkeCa0vjlIsgBJ6WoMhBGDs=",
      "type": "tarball",
      "url": "https://elpa.gnu.org/packages/peg-1.0.1.tar"
    },
    "inventory": {
      "type": "archive",
      "url": "https://elpa.gnu.org/packages/"
    },
    "packageRequires": {
      "emacs": "25"
    },
    "version": "1.0.1"
  },
  "persist": {
    "archive": {
      "narHash": "sha256-/crSpGi8IwUELavnf9ulXQlsKig2hjRZWXw+HDYFAd0=",
      "type": "tarball",
      "url": "https://elpa.gnu.org/packages/persist-0.5.tar"
    },
    "inventory": {
      "type": "archive",
      "url": "https://elpa.gnu.org/packages/"
    },
    "packageRequires": {},
    "version": "0.5"
  },
  "rainbow-mode": {
    "archive": {
      "narHash": "sha256-Qd5M2ellyZW+UPAxUarkS6s5dv4k3xyTpJtMmKTH9Ug=",
      "type": "tarball",
      "url": "https://elpa.gnu.org/packages/rainbow-mode-1.0.6.tar"
    },
    "inventory": {
      "type": "archive",
      "url": "https://elpa.gnu.org/packages/"
    },
    "packageRequires": {},
    "version": "1.0.6"
  }
}
