{
  "adaptive-wrap": {
    "archive": {
      "narHash": "sha256-AnDqA7uYSRiLMVAKzw0S2bV+QMagbGxgy38paPaUN4o=",
      "type": "tarball",
      "url": "https://elpa.gnu.org/packages/adaptive-wrap-0.8.tar"
    },
    "inventory": {
      "type": "archive",
      "url": "https://elpa.gnu.org/packages/"
    },
    "packageRequires": {},
    "version": "0.8"
  },
  "dired-du": {
    "archive": {
      "narHash": "sha256-WTdSclzo4eiM+VABjgWYM0L4fLgWhXIe0QLnLOvA2hU=",
      "type": "tarball",
      "url": "https://elpa.gnu.org/packages/dired-du-0.5.2.tar"
    },
    "inventory": {
      "type": "archive",
      "url": "https://elpa.gnu.org/packages/"
    },
    "packageRequires": {
      "cl-lib": "0.5",
      "emacs": "24.4"
    },
    "version": "0.5.2"
  },
  "org-transclusion": {
    "archive": {
      "narHash": "sha256-2llOBw2ff3eJeXjt/FIeVkr7IyQ1nA0zKaQnvxs6sQ4=",
      "type": "tarball",
      "url": "https://elpa.gnu.org/packages/org-transclusion-1.3.0.tar"
    },
    "inventory": {
      "type": "archive",
      "url": "https://elpa.gnu.org/packages/"
    },
    "packageRequires": {
      "emacs": "27.1",
      "org": "9.4"
    },
    "version": "1.3.0"
  },
  "peg": {
    "archive": {
      "narHash": "sha256-okKDP1vLCVsd5/zp7c0BlyYtN1bYHvPM5IDZ3KV4ul8=",
      "type": "tarball",
      "url": "https://elpa.gnu.org/packages/peg-1.0.tar"
    },
    "inventory": {
      "type": "archive",
      "url": "https://elpa.gnu.org/packages/"
    },
    "packageRequires": {
      "emacs": "25"
    },
    "version": "1.0"
  },
  "rainbow-mode": {
    "archive": {
      "narHash": "sha256-Qd5M2ellyZW+UPAxUarkS6s5dv4k3xyTpJtMmKTH9Ug=",
      "type": "tarball",
      "url": "https://elpa.gnu.org/packages/rainbow-mode-1.0.6.tar"
    },
    "inventory": {
      "type": "archive",
      "url": "https://elpa.gnu.org/packages/"
    },
    "packageRequires": {},
    "version": "1.0.6"
  }
}
