{
  "async": {
    "archive": {
      "narHash": "sha256-v3gHlynfGj+/ss7FRvCpH+D7ekmtOBt+I59cdzpIl8o=",
      "type": "tarball",
      "url": "https://elpa.gnu.org/packages/async-1.9.9.tar"
    },
    "inventory": {
      "type": "archive",
      "url": "https://elpa.gnu.org/packages/"
    },
    "packageRequires": {
      "emacs": "24.4"
    },
    "version": "1.9.9"
  },
  "csv-mode": {
    "archive": {
      "narHash": "sha256-ErzKM6usjp2FrrbYwadJCfiivenMCDD9uojwJbzV3co=",
      "type": "tarball",
      "url": "https://elpa.gnu.org/packages/csv-mode-1.27.tar"
    },
    "inventory": {
      "type": "archive",
      "url": "https://elpa.gnu.org/packages/"
    },
    "packageRequires": {
      "cl-lib": "0.5",
      "emacs": "27.1"
    },
    "version": "1.27"
  },
  "org-transclusion": {
    "archive": {
      "narHash": "sha256-B8f0Mj9jdOXW8GxKvAAn+qyVSWojJywiXoO047l5624=",
      "type": "tarball",
      "url": "https://elpa.gnu.org/packages/org-transclusion-1.4.0.tar"
    },
    "inventory": {
      "type": "archive",
      "url": "https://elpa.gnu.org/packages/"
    },
    "packageRequires": {
      "emacs": "27.1",
      "org": "9.4"
    },
    "version": "1.4.0"
  },
  "peg": {
    "archive": {
      "narHash": "sha256-dUg+kDdziNVRo773qr8jRkeCa0vjlIsgBJ6WoMhBGDs=",
      "type": "tarball",
      "url": "https://elpa.gnu.org/packages/peg-1.0.1.tar"
    },
    "inventory": {
      "type": "archive",
      "url": "https://elpa.gnu.org/packages/"
    },
    "packageRequires": {
      "emacs": "25"
    },
    "version": "1.0.1"
  },
  "persist": {
    "archive": {
      "narHash": "sha256-mvxBYr8j8z7+sBmfxaZXaIWL/vZCyAN3DoWGHoF8b7o=",
      "type": "tarball",
      "url": "https://elpa.gnu.org/packages/persist-0.6.1.tar"
    },
    "inventory": {
      "type": "archive",
      "url": "https://elpa.gnu.org/packages/"
    },
    "packageRequires": {
      "emacs": "26.1"
    },
    "version": "0.6.1"
  },
  "rainbow-mode": {
    "archive": {
      "narHash": "sha256-Qd5M2ellyZW+UPAxUarkS6s5dv4k3xyTpJtMmKTH9Ug=",
      "type": "tarball",
      "url": "https://elpa.gnu.org/packages/rainbow-mode-1.0.6.tar"
    },
    "inventory": {
      "type": "archive",
      "url": "https://elpa.gnu.org/packages/"
    },
    "packageRequires": {},
    "version": "1.0.6"
  }
}
