{
  "nodes": {
    "gnu-elpa": {
      "flake": false,
      "locked": {
        "lastModified": 1782568193,
        "narHash": "sha256-xmX4v8LmAU6v0cbNx/oA8bci17JCtEreUCMWuJAFxK8=",
        "owner": "elpa-mirrors",
        "repo": "elpa",
        "rev": "fcf738c3547216d700e1f67a2e1830ed2acba981",
        "type": "github"
      },
      "original": {
        "owner": "elpa-mirrors",
        "repo": "elpa",
        "type": "github"
      }
    },
    "melpa": {
      "flake": false,
      "locked": {
        "lastModified": 1783278924,
        "narHash": "sha256-eekLZKNqF0AdMUE8IlrNXYCGsBebsEt2qUQhBwTChIY=",
        "owner": "melpa",
        "repo": "melpa",
        "rev": "35e65c9e778b25fd5a9e95db05e5feb7e63094d3",
        "type": "github"
      },
      "original": {
        "owner": "melpa",
        "repo": "melpa",
        "type": "github"
      }
    },
    "nix-filter": {
      "locked": {
        "lastModified": 1757882181,
        "narHash": "sha256-+cCxYIh2UNalTz364p+QYmWHs0P+6wDhiWR4jDIKQIU=",
        "owner": "numtide",
        "repo": "nix-filter",
        "rev": "59c44d1909c72441144b93cf0f054be7fe764de5",
        "type": "github"
      },
      "original": {
        "owner": "numtide",
        "repo": "nix-filter",
        "type": "github"
      }
    },
    "nongnu-elpa": {
      "flake": false,
      "locked": {
        "lastModified": 1782554643,
        "narHash": "sha256-4cTfnlfiz8O0ii0GWdHVqw1bJUreeCZY/eVhhq3PQGY=",
        "owner": "elpa-mirrors",
        "repo": "nongnu",
        "rev": "2e12d173f9e329f1a37c07a4a84fdbaaff12d245",
        "type": "github"
      },
      "original": {
        "owner": "elpa-mirrors",
        "repo": "nongnu",
        "type": "github"
      }
    },
    "root": {
      "inputs": {
        "gnu-elpa": "gnu-elpa",
        "melpa": "melpa",
        "nix-filter": "nix-filter",
        "nongnu-elpa": "nongnu-elpa",
        "twist-overrides": "twist-overrides"
      }
    },
    "twist-overrides": {
      "locked": {
        "lastModified": 1777980862,
        "narHash": "sha256-i7VjVGueRWZjgv2BQbjS8sBxTkJtEfSNMpfOroNgG1Y=",
        "owner": "emacs-twist",
        "repo": "overrides",
        "rev": "3911769df3f50af3876d6efcb7e78de4316f31b2",
        "type": "github"
      },
      "original": {
        "owner": "emacs-twist",
        "repo": "overrides",
        "type": "github"
      }
    }
  },
  "root": "root",
  "version": 7
}
