{
  "nodes": {
    "gnu-elpa": {
      "flake": false,
      "locked": {
        "lastModified": 1781107414,
        "narHash": "sha256-lkLrSJt80/rFpWmGvl8M9H5vbuHhJQ6rFFFMaTCKMlI=",
        "owner": "elpa-mirrors",
        "repo": "elpa",
        "rev": "fccdd431bb916502165081bdb97da3229f7d596d",
        "type": "github"
      },
      "original": {
        "owner": "elpa-mirrors",
        "repo": "elpa",
        "type": "github"
      }
    },
    "melpa": {
      "flake": false,
      "locked": {
        "lastModified": 1780957718,
        "narHash": "sha256-SfzygE69RSdy8s9IpXB2elUlCAfE9DqTxVw+0QzOuOg=",
        "owner": "melpa",
        "repo": "melpa",
        "rev": "5db2cf30d09370389c33ac6ee13d79b2edcf058f",
        "type": "github"
      },
      "original": {
        "owner": "melpa",
        "repo": "melpa",
        "type": "github"
      }
    },
    "nix-filter": {
      "locked": {
        "lastModified": 1757882181,
        "narHash": "sha256-+cCxYIh2UNalTz364p+QYmWHs0P+6wDhiWR4jDIKQIU=",
        "owner": "numtide",
        "repo": "nix-filter",
        "rev": "59c44d1909c72441144b93cf0f054be7fe764de5",
        "type": "github"
      },
      "original": {
        "owner": "numtide",
        "repo": "nix-filter",
        "type": "github"
      }
    },
    "nongnu-elpa": {
      "flake": false,
      "locked": {
        "lastModified": 1780978367,
        "narHash": "sha256-LIUL6R+/HY+TV3g3kak5XCktLm4ejkie3vC/Z/AG+Ts=",
        "owner": "elpa-mirrors",
        "repo": "nongnu",
        "rev": "3253fbf43762ee4310b414aa45473898b814762f",
        "type": "github"
      },
      "original": {
        "owner": "elpa-mirrors",
        "repo": "nongnu",
        "type": "github"
      }
    },
    "root": {
      "inputs": {
        "gnu-elpa": "gnu-elpa",
        "melpa": "melpa",
        "nix-filter": "nix-filter",
        "nongnu-elpa": "nongnu-elpa",
        "twist-overrides": "twist-overrides"
      }
    },
    "twist-overrides": {
      "locked": {
        "lastModified": 1777980862,
        "narHash": "sha256-i7VjVGueRWZjgv2BQbjS8sBxTkJtEfSNMpfOroNgG1Y=",
        "owner": "emacs-twist",
        "repo": "overrides",
        "rev": "3911769df3f50af3876d6efcb7e78de4316f31b2",
        "type": "github"
      },
      "original": {
        "owner": "emacs-twist",
        "repo": "overrides",
        "type": "github"
      }
    }
  },
  "root": "root",
  "version": 7
}
