{
  "nodes": {
    "gnu-elpa": {
      "flake": false,
      "locked": {
        "lastModified": 1789920770,
        "narHash": "sha256-BqaKXXCFgWBUyJttsIltvJaBEm3VPGVy2BQ8ExSryCQ=",
        "owner": "elpa-mirrors",
        "repo": "elpa",
        "rev": "c0aff3f12bca433ca6e24aa2e74a2e0acb918685",
        "type": "github"
      },
      "original": {
        "owner": "elpa-mirrors",
        "repo": "elpa",
        "type": "github"
      }
    },
    "melpa": {
      "flake": false,
      "locked": {
        "lastModified": 1789941593,
        "narHash": "sha256-07uxFxbmtUMoNFX2uvRWCwjd4kFmhvT5heV8eggOQ/I=",
        "owner": "melpa",
        "repo": "melpa",
        "rev": "90353852a6deccab7c9781dfc7031f677799ceb3",
        "type": "github"
      },
      "original": {
        "owner": "melpa",
        "repo": "melpa",
        "type": "github"
      }
    },
    "nix-filter": {
      "locked": {
        "lastModified": 1757882181,
        "narHash": "sha256-+cCxYIh2UNalTz364p+QYmWHs0P+6wDhiWR4jDIKQIU=",
        "owner": "numtide",
        "repo": "nix-filter",
        "rev": "59c44d1909c72441144b93cf0f054be7fe764de5",
        "type": "github"
      },
      "original": {
        "owner": "numtide",
        "repo": "nix-filter",
        "type": "github"
      }
    },
    "nongnu-elpa": {
      "flake": false,
      "locked": {
        "lastModified": 1789161944,
        "narHash": "sha256-krEDJE5G2czgNTRxJSSmaIDWP4VMYZ0RKbEJkJfhnlo=",
        "owner": "elpa-mirrors",
        "repo": "nongnu",
        "rev": "da66b7cb9df4d472a5cd31079694d19ac6078645",
        "type": "github"
      },
      "original": {
        "owner": "elpa-mirrors",
        "repo": "nongnu",
        "type": "github"
      }
    },
    "root": {
      "inputs": {
        "gnu-elpa": "gnu-elpa",
        "melpa": "melpa",
        "nix-filter": "nix-filter",
        "nongnu-elpa": "nongnu-elpa",
        "twist-overrides": "twist-overrides"
      }
    },
    "twist-overrides": {
      "locked": {
        "lastModified": 1777980862,
        "narHash": "sha256-i7VjVGueRWZjgv2BQbjS8sBxTkJtEfSNMpfOroNgG1Y=",
        "owner": "emacs-twist",
        "repo": "overrides",
        "rev": "3911769df3f50af3876d6efcb7e78de4316f31b2",
        "type": "github"
      },
      "original": {
        "owner": "emacs-twist",
        "repo": "overrides",
        "type": "github"
      }
    }
  },
  "root": "root",
  "version": 7
}
